
Microsoft Visual Studio Solution File, Format Version 12.00
# Visual Studio Version 17
VisualStudioVersion = 17.10.35013.160
MinimumVisualStudioVersion = 10.0.40219.1
Project("{FAE04EC0-301F-11D3-BF4B-00C04F79EFBC}") = "PlannedToAT", "PlannedToAT\PlannedToAT.csproj", "{4F99536F-EDBF-4660-BC8D-0A738C264BD5}"
EndProject
Global
	GlobalSection(SolutionConfigurationPlatforms) = preSolution
		Debug|Any CPU = Debug|Any CPU
		Release|Any CPU = Release|Any CPU
	EndGlobalSection
	GlobalSection(ProjectConfigurationPlatforms) = postSolution
		{4F99536F-EDBF-4660-BC8D-0A738C264BD5}.Debug|Any CPU.ActiveCfg = Debug|Any CPU
		{4F99536F-EDBF-4660-BC8D-0A738C264BD5}.Debug|Any CPU.Build.0 = Debug|Any CPU
		{4F99536F-EDBF-4660-BC8D-0A738C264BD5}.Release|Any CPU.ActiveCfg = Release|Any CPU
		{4F99536F-EDBF-4660-BC8D-0A738C264BD5}.Release|Any CPU.Build.0 = Release|Any CPU
	EndGlobalSection
	GlobalSection(SolutionProperties) = preSolution
		HideSolutionNode = FALSE
	EndGlobalSection
	GlobalSection(ExtensibilityGlobals) = postSolution
		SolutionGuid = {E1902DE3-452E-4E07-8550-139D3EC243DE}
	EndGlobalSection
EndGlobal
